Microsoft Visual Studio Solution File, Format Version 12.00
# Visual Studio 15
VisualStudioVersion = 15.0.27428.2043
MinimumVisualStudioVersion = 10.0.40219.1
Project("{9A19103F-16F7-4668-BE54-9A1E7A4F7556}") = "sample", "sample\sample.csproj", "{06B5491F-A7F5-4B57-A404-36E5FB3140ED}"
EndProject
Project("{9A19103F-16F7-4668-BE54-9A1E7A4F7556}") = "log-server", "log-server\log-server.csproj", "{BDA8C75C-BC38-4295-9A83-DA00C63404E6}"
EndProject
Global
	GlobalSection(SolutionConfigurationPlatforms) = preSolution
		Debug|Any CPU = Debug|Any CPU
		Release|Any CPU = Release|Any CPU
	EndGlobalSection
	GlobalSection(ProjectConfigurationPlatforms) = postSolution
		{06B5491F-A7F5-4B57-A404-36E5FB3140ED}.Debug|Any CPU.ActiveCfg = Debug|Any CPU
		{06B5491F-A7F5-4B57-A404-36E5FB3140ED}.Debug|Any CPU.Build.0 = Debug|Any CPU
		{06B5491F-A7F5-4B57-A404-36E5FB3140ED}.Release|Any CPU.ActiveCfg = Release|Any CPU
		{06B5491F-A7F5-4B57-A404-36E5FB3140ED}.Release|Any CPU.Build.0 = Release|Any CPU
		{BDA8C75C-BC38-4295-9A83-DA00C63404E6}.Debug|Any CPU.ActiveCfg = Debug|Any CPU
		{BDA8C75C-BC38-4295-9A83-DA00C63404E6}.Debug|Any CPU.Build.0 = Debug|Any CPU
		{BDA8C75C-BC38-4295-9A83-DA00C63404E6}.Release|Any CPU.ActiveCfg = Release|Any CPU
		{BDA8C75C-BC38-4295-9A83-DA00C63404E6}.Release|Any CPU.Build.0 = Release|Any CPU
	EndGlobalSection
	GlobalSection(SolutionProperties) = preSolution
		HideSolutionNode = FALSE
	EndGlobalSection
	GlobalSection(ExtensibilityGlobals) = postSolution
		SolutionGuid = {4109C02C-D5D9-4870-9D80-2323780BAC7D}
	EndGlobalSection
EndGlobal
